schema: '2.0'
stages:
  data_ingestion:
    cmd: python src/EVE_AI/pipeline/stage_01_data_ingestion.py
    deps:
    - path: config/config.yaml
      md5: ff98b2609e218af9da19ea7e54549825
      size: 1153
    - path: src/EVE_AI/components/data_ingestion.py
      md5: 532f3509750330eb16a8c147dc3eedb7
      size: 1229
    - path: src/EVE_AI/pipeline/stage_01_data_ingestion.py
      md5: 870d485ad8d645af5e280cbbc483b261
      size: 943
    outs:
    - path: artifacts/data_ingestion
      md5: 7cb782c0551e5f7a0abc94720eafee6c.dir
      size: 2832323
      nfiles: 5
  prepare_base_model:
    cmd: python src/EVE_AI/pipeline/stage_02_prepare_base_model.py
    deps:
    - path: config/config.yaml
      md5: ff98b2609e218af9da19ea7e54549825
      size: 1153
    - path: src/EVE_AI/components/prepare_base_model.py
      md5: a3f2973ba9b0aea41a99a797d020c4aa
      size: 1291
    - path: src/EVE_AI/pipeline/stage_02_prepare_base_model.py
      md5: 5b668aca9fc11e62bd7a2383af755fb4
      size: 1213
    params:
      params.yaml:
        DEPTH: 3
        ITERATIONS: 500
        LEARNING_RATE: 0.4
    outs:
    - path: artifacts/prepare_base_model/base_model.pkl
      md5: 156cdbacca4a19016dcddb4d5919c36d
      size: 139
    - path: artifacts/prepare_base_tokenizer/prepare_base_tokenizer.pkl
      md5: ba518abab2b2756feee796b419378c07
      size: 455
  training:
    cmd: python src/EVE_AI/pipeline/stage_03_training.py
    deps:
    - path: artifacts/data_ingestion
      md5: 7cb782c0551e5f7a0abc94720eafee6c.dir
      size: 2832323
      nfiles: 5
    - path: artifacts/prepare_base_model
      md5: 8b03ab8ee5ed336516fc36e616df0cf4.dir
      size: 139
      nfiles: 1
    - path: artifacts/prepare_base_tokenizer
      md5: 10fc323eb5dc3ae9ea5d10b2c6a7559c.dir
      size: 455
      nfiles: 1
    - path: config/config.yaml
      md5: ff98b2609e218af9da19ea7e54549825
      size: 1153
    - path: src/EVE_AI/components/base.py
      md5: 6b2bf411938eb215efa37b536be6f4ae
      size: 22835
    - path: src/EVE_AI/components/training.py
      md5: 62ea69881b8ecc3ee58383c66b15a005
      size: 2651
    - path: src/EVE_AI/pipeline/stage_03_training.py
      md5: ace00d8108063c8e4a36c94214cfa90a
      size: 1157
    params:
      params.yaml:
        VERBOSE: 3
    outs:
    - path: artifacts/distance_vector/distance_vector.pkl
      md5: 5915ecaf2470dffc361ae36b998163c2
      size: 9910
    - path: artifacts/prepare_fitted_tokenizer/prepare_fitted_tokenizer.pkl
      md5: 001d19faba2ff02443c03c07e87e6347
      size: 293377
    - path: artifacts/training/model.pkl
      md5: e5aecbba1355424510660165b32f7503
      size: 808132
  evaluation:
    cmd: python src/EVE_AI/pipeline/stage_04_evaluation.py
    deps:
    - path: artifacts/data_ingestion
      md5: 7cb782c0551e5f7a0abc94720eafee6c.dir
      size: 2832323
      nfiles: 5
    - path: artifacts/prepare_fitted_tokenizer
      md5: 7f12ceec209d90e82a9d17147103dfe4.dir
      size: 293377
      nfiles: 1
    - path: artifacts/training
      md5: 899b43e4b816101897314f890ce90fa6.dir
      size: 808132
      nfiles: 1
    - path: config/config.yaml
      md5: ff98b2609e218af9da19ea7e54549825
      size: 1153
    - path: src/EVE_AI/components/evaluation.py
      md5: 7e245d6a33d14d011f583cbfb65a1588
      size: 1376
    - path: src/EVE_AI/pipeline/stage_04_evaluation.py
      md5: a55e0d11124d82e2c8cd0864ddc64c11
      size: 935
    outs:
    - path: scores.json
      md5: a43561c92db8b0b60b9e565e277871da
      size: 30
