schema: '2.0'
stages:
  data_ingestion:
    cmd: python src/EVE_AI/pipeline/stage_01_data_ingestion.py
    deps:
    - path: config/config.yaml
      md5: 3c1b8d5c74d04c16367d4964ecfa67e4
      size: 976
    - path: src/EVE_AI/components/data_ingestion.py
      md5: 532f3509750330eb16a8c147dc3eedb7
      size: 1229
    - path: src/EVE_AI/pipeline/stage_01_data_ingestion.py
      md5: 870d485ad8d645af5e280cbbc483b261
      size: 943
    outs:
    - path: artifacts/data_ingestion
      md5: 4aeab2f3c91f2911fc4b9ca99f1f80e9.dir
      size: 23265901
      nfiles: 7
  prepare_base_model:
    cmd: python src/EVE_AI/pipeline/stage_02_prepare_base_model.py
    deps:
    - path: config/config.yaml
      md5: 3c1b8d5c74d04c16367d4964ecfa67e4
      size: 976
    - path: src/EVE_AI/components/prepare_base_model.py
      md5: a3f2973ba9b0aea41a99a797d020c4aa
      size: 1291
    - path: src/EVE_AI/pipeline/stage_02_prepare_base_model.py
      md5: 5b668aca9fc11e62bd7a2383af755fb4
      size: 1213
    params:
      params.yaml:
        DEPTH: 6
        ITERATIONS: 1500
        LEARNING_RATE: 0.1
    outs:
    - path: artifacts/prepare_base_model/base_model.pkl
      md5: 3d303e2559172a13ec5ce3ebfa8c409b
      size: 139
    - path: artifacts/prepare_base_tokenizer/prepare_base_tokenizer.pkl
      md5: ba518abab2b2756feee796b419378c07
      size: 455
  training:
    cmd: python src/EVE_AI/pipeline/stage_03_training.py
    deps:
    - path: artifacts/data_ingestion
      md5: 4aeab2f3c91f2911fc4b9ca99f1f80e9.dir
      size: 23265901
      nfiles: 7
    - path: artifacts/prepare_base_model
      md5: 73544f505fe6efc474274ebce400bddb.dir
      size: 139
      nfiles: 1
    - path: artifacts/prepare_base_tokenizer
      md5: 10fc323eb5dc3ae9ea5d10b2c6a7559c.dir
      size: 455
      nfiles: 1
    - path: config/config.yaml
      md5: 3c1b8d5c74d04c16367d4964ecfa67e4
      size: 976
    - path: src/EVE_AI/components/training.py
      md5: 730d7fa644814e44ae5144e884a6244d
      size: 2659
    - path: src/EVE_AI/pipeline/stage_03_training.py
      md5: 35c87adde96572853f8c5b9fcea0e94d
      size: 972
    params:
      params.yaml:
        VERBOSE: 3
    outs:
    - path: artifacts/prepare_fitted_tokenizer/prepare_fitted_tokenizer.pkl
      md5: e5ddd6c0da3419b4d077be7c7bac282c
      size: 441963
    - path: artifacts/training/model.pkl
      md5: 48e6d6ab76e85c2a6420160c3980604d
      size: 6237595
  evaluation:
    cmd: python src/EVE_AI/pipeline/stage_04_evaluation.py
    deps:
    - path: artifacts/data_ingestion
      md5: 4aeab2f3c91f2911fc4b9ca99f1f80e9.dir
      size: 23265901
      nfiles: 7
    - path: artifacts/prepare_fitted_tokenizer
      md5: 4cc31d33d9aa238af4ba505ab314e94d.dir
      size: 441963
      nfiles: 1
    - path: artifacts/training
      md5: 2c49aa2921a25d7c940505f4e7f862c7.dir
      size: 6237595
      nfiles: 1
    - path: config/config.yaml
      md5: 3c1b8d5c74d04c16367d4964ecfa67e4
      size: 976
    - path: src/EVE_AI/components/evaluation.py
      md5: 7e245d6a33d14d011f583cbfb65a1588
      size: 1376
    - path: src/EVE_AI/pipeline/stage_04_evaluation.py
      md5: a55e0d11124d82e2c8cd0864ddc64c11
      size: 935
    outs:
    - path: scores.json
      md5: ac9fb2e7312b38436b690cc119f984d9
      size: 30
